{
  "name": "data-science",
  "version": "1.0.0",
  "lockfileVersion": 1,
  "requires": true,
  "dependencies": {
    "macy": {
      "version": "2.5.1",
      "resolved": "https://registry.npmjs.org/macy/-/macy-2.5.1.tgz",
      "integrity": "sha512-+y4WYyh3rl4G8UczZP30pXxhLQRZ941QcaDmWoGefzUBXdwNW8TOhjjN1g5i/VG3SmiSsHgpjVXhlnZ84P2QMw=="
    }
  }
}
